
Microsoft Visual Studio Solution File, Format Version 12.00
# Visual Studio 15
VisualStudioVersion = 15.0.28307.329
MinimumVisualStudioVersion = 10.0.40219.1
Project("{9A19103F-16F7-4668-BE54-9A1E7A4F7556}") = "Eagle.Web", "Eagle.Web\Eagle.Web.csproj", "{CBD9A780-E51F-4E4A-B35C-E881B13E8FDA}"
EndProject
Project("{9A19103F-16F7-4668-BE54-9A1E7A4F7556}") = "Eagle", "Eagle\Eagle.csproj", "{96B4688D-F92F-4C28-A538-C48246233B02}"
EndProject
Project("{9A19103F-16F7-4668-BE54-9A1E7A4F7556}") = "Feature.Infrastructure", "Feature.Infrastructure\Feature.Infrastructure.csproj", "{D84EDFE1-8640-4CF2-B3F3-04ACAF6557D1}"
EndProject
Project("{9A19103F-16F7-4668-BE54-9A1E7A4F7556}") = "PlayGround", "PlayGround\PlayGround.csproj", "{879359A7-E770-44AC-94A0-8A6E492AB544}"
EndProject
Project("{FAE04EC0-301F-11D3-BF4B-00C04F79EFBC}") = "Eagle.TestNode1", "Eagle.TestNode1\Eagle.TestNode1.csproj", "{CDD9141F-7F72-4B80-94C4-7BBBA85F7C97}"
EndProject
Global
	GlobalSection(SolutionConfigurationPlatforms) = preSolution
		Debug|Any CPU = Debug|Any CPU
		Release|Any CPU = Release|Any CPU
	EndGlobalSection
	GlobalSection(ProjectConfigurationPlatforms) = postSolution
		{CBD9A780-E51F-4E4A-B35C-E881B13E8FDA}.Debug|Any CPU.ActiveCfg = Debug|Any CPU
		{CBD9A780-E51F-4E4A-B35C-E881B13E8FDA}.Debug|Any CPU.Build.0 = Debug|Any CPU
		{CBD9A780-E51F-4E4A-B35C-E881B13E8FDA}.Release|Any CPU.ActiveCfg = Release|Any CPU
		{CBD9A780-E51F-4E4A-B35C-E881B13E8FDA}.Release|Any CPU.Build.0 = Release|Any CPU
		{96B4688D-F92F-4C28-A538-C48246233B02}.Debug|Any CPU.ActiveCfg = Debug|Any CPU
		{96B4688D-F92F-4C28-A538-C48246233B02}.Debug|Any CPU.Build.0 = Debug|Any CPU
		{96B4688D-F92F-4C28-A538-C48246233B02}.Release|Any CPU.ActiveCfg = Release|Any CPU
		{96B4688D-F92F-4C28-A538-C48246233B02}.Release|Any CPU.Build.0 = Release|Any CPU
		{D84EDFE1-8640-4CF2-B3F3-04ACAF6557D1}.Debug|Any CPU.ActiveCfg = Debug|Any CPU
		{D84EDFE1-8640-4CF2-B3F3-04ACAF6557D1}.Debug|Any CPU.Build.0 = Debug|Any CPU
		{D84EDFE1-8640-4CF2-B3F3-04ACAF6557D1}.Release|Any CPU.ActiveCfg = Release|Any CPU
		{D84EDFE1-8640-4CF2-B3F3-04ACAF6557D1}.Release|Any CPU.Build.0 = Release|Any CPU
		{879359A7-E770-44AC-94A0-8A6E492AB544}.Debug|Any CPU.ActiveCfg = Debug|Any CPU
		{879359A7-E770-44AC-94A0-8A6E492AB544}.Debug|Any CPU.Build.0 = Debug|Any CPU
		{879359A7-E770-44AC-94A0-8A6E492AB544}.Release|Any CPU.ActiveCfg = Release|Any CPU
		{879359A7-E770-44AC-94A0-8A6E492AB544}.Release|Any CPU.Build.0 = Release|Any CPU
		{CDD9141F-7F72-4B80-94C4-7BBBA85F7C97}.Debug|Any CPU.ActiveCfg = Debug|Any CPU
		{CDD9141F-7F72-4B80-94C4-7BBBA85F7C97}.Debug|Any CPU.Build.0 = Debug|Any CPU
		{CDD9141F-7F72-4B80-94C4-7BBBA85F7C97}.Release|Any CPU.ActiveCfg = Release|Any CPU
		{CDD9141F-7F72-4B80-94C4-7BBBA85F7C97}.Release|Any CPU.Build.0 = Release|Any CPU
	EndGlobalSection
	GlobalSection(SolutionProperties) = preSolution
		HideSolutionNode = FALSE
	EndGlobalSection
	GlobalSection(ExtensibilityGlobals) = postSolution
		SolutionGuid = {6D98AFBB-52AE-4B22-AE1E-537083D2FBC9}
	EndGlobalSection
EndGlobal
